
Microsoft Visual Studio Solution File, Format Version 12.00
# Visual Studio Version 17
VisualStudioVersion = 17.9.34607.119
MinimumVisualStudioVersion = 10.0.40219.1
Project("{FAE04EC0-301F-11D3-BF4B-00C04F79EFBC}") = "EXAMEN2_TECSUP", "EXAMEN2_TECSUP.csproj", "{48639642-5F07-4F37-B69F-9BA3B9E92DCD}"
EndProject
Global
	GlobalSection(SolutionConfigurationPlatforms) = preSolution
		Debug|Any CPU = Debug|Any CPU
		Release|Any CPU = Release|Any CPU
	EndGlobalSection
	GlobalSection(ProjectConfigurationPlatforms) = postSolution
		{48639642-5F07-4F37-B69F-9BA3B9E92DCD}.Debug|Any CPU.ActiveCfg = Debug|Any CPU
		{48639642-5F07-4F37-B69F-9BA3B9E92DCD}.Debug|Any CPU.Build.0 = Debug|Any CPU
		{48639642-5F07-4F37-B69F-9BA3B9E92DCD}.Release|Any CPU.ActiveCfg = Release|Any CPU
		{48639642-5F07-4F37-B69F-9BA3B9E92DCD}.Release|Any CPU.Build.0 = Release|Any CPU
	EndGlobalSection
	GlobalSection(SolutionProperties) = preSolution
		HideSolutionNode = FALSE
	EndGlobalSection
	GlobalSection(ExtensibilityGlobals) = postSolution
		SolutionGuid = {0EABA61A-5FDF-4464-B95C-23008BF0C2E0}
	EndGlobalSection
EndGlobal
